
Microsoft Visual Studio Solution File, Format Version 12.00
# Visual Studio Version 17
VisualStudioVersion = 17.4.33213.308
MinimumVisualStudioVersion = 10.0.40219.1
Project("{FAE04EC0-301F-11D3-BF4B-00C04F79EFBC}") = "Aplicação1", "Sa01.Aplicação1\Aplicação1.csproj", "{5E9D61CD-FED5-46C5-996F-0BA3785945DF}"
EndProject
Project("{FAE04EC0-301F-11D3-BF4B-00C04F79EFBC}") = "aplicação2", "aplicação2\aplicação2.csproj", "{792F780F-C554-468C-BE09-2C84B2E7E66E}"
EndProject
Project("{FAE04EC0-301F-11D3-BF4B-00C04F79EFBC}") = "Aplicação3", "Aplicação3\Aplicação3.csproj", "{A9446AF0-C84E-4B22-9BBB-7611E8908EEE}"
EndProject
Project("{FAE04EC0-301F-11D3-BF4B-00C04F79EFBC}") = "Aplicação04", "Aplicação04\Aplicação04.csproj", "{D4E27E46-8599-4A6D-AD66-2C8E0E79280B}"
EndProject
Project("{FAE04EC0-301F-11D3-BF4B-00C04F79EFBC}") = "Aplicação5", "Aplicação5\Aplicação5.csproj", "{6D43CB37-2CC3-4199-8F33-0D8750F2B828}"
EndProject
Project("{FAE04EC0-301F-11D3-BF4B-00C04F79EFBC}") = "Aplicação6", "Aplicação6\Aplicação6.csproj", "{434179BF-8D53-4469-AC70-361406161727}"
EndProject
Project("{FAE04EC0-301F-11D3-BF4B-00C04F79EFBC}") = "Aplicação7", "Aplicação7\Aplicação7.csproj", "{BDCF1261-08FC-40BC-9CFE-6EDF1175D01D}"
EndProject
Global
	GlobalSection(SolutionConfigurationPlatforms) = preSolution
		Debug|Any CPU = Debug|Any CPU
		Release|Any CPU = Release|Any CPU
	EndGlobalSection
	GlobalSection(ProjectConfigurationPlatforms) = postSolution
		{5E9D61CD-FED5-46C5-996F-0BA3785945DF}.Debug|Any CPU.ActiveCfg = Debug|Any CPU
		{5E9D61CD-FED5-46C5-996F-0BA3785945DF}.Debug|Any CPU.Build.0 = Debug|Any CPU
		{5E9D61CD-FED5-46C5-996F-0BA3785945DF}.Release|Any CPU.ActiveCfg = Release|Any CPU
		{5E9D61CD-FED5-46C5-996F-0BA3785945DF}.Release|Any CPU.Build.0 = Release|Any CPU
		{792F780F-C554-468C-BE09-2C84B2E7E66E}.Debug|Any CPU.ActiveCfg = Debug|Any CPU
		{792F780F-C554-468C-BE09-2C84B2E7E66E}.Debug|Any CPU.Build.0 = Debug|Any CPU
		{792F780F-C554-468C-BE09-2C84B2E7E66E}.Release|Any CPU.ActiveCfg = Release|Any CPU
		{792F780F-C554-468C-BE09-2C84B2E7E66E}.Release|Any CPU.Build.0 = Release|Any CPU
		{A9446AF0-C84E-4B22-9BBB-7611E8908EEE}.Debug|Any CPU.ActiveCfg = Debug|Any CPU
		{A9446AF0-C84E-4B22-9BBB-7611E8908EEE}.Debug|Any CPU.Build.0 = Debug|Any CPU
		{A9446AF0-C84E-4B22-9BBB-7611E8908EEE}.Release|Any CPU.ActiveCfg = Release|Any CPU
		{A9446AF0-C84E-4B22-9BBB-7611E8908EEE}.Release|Any CPU.Build.0 = Release|Any CPU
		{D4E27E46-8599-4A6D-AD66-2C8E0E79280B}.Debug|Any CPU.ActiveCfg = Debug|Any CPU
		{D4E27E46-8599-4A6D-AD66-2C8E0E79280B}.Debug|Any CPU.Build.0 = Debug|Any CPU
		{D4E27E46-8599-4A6D-AD66-2C8E0E79280B}.Release|Any CPU.ActiveCfg = Release|Any CPU
		{D4E27E46-8599-4A6D-AD66-2C8E0E79280B}.Release|Any CPU.Build.0 = Release|Any CPU
		{6D43CB37-2CC3-4199-8F33-0D8750F2B828}.Debug|Any CPU.ActiveCfg = Debug|Any CPU
		{6D43CB37-2CC3-4199-8F33-0D8750F2B828}.Debug|Any CPU.Build.0 = Debug|Any CPU
		{6D43CB37-2CC3-4199-8F33-0D8750F2B828}.Release|Any CPU.ActiveCfg = Release|Any CPU
		{6D43CB37-2CC3-4199-8F33-0D8750F2B828}.Release|Any CPU.Build.0 = Release|Any CPU
		{434179BF-8D53-4469-AC70-361406161727}.Debug|Any CPU.ActiveCfg = Debug|Any CPU
		{434179BF-8D53-4469-AC70-361406161727}.Debug|Any CPU.Build.0 = Debug|Any CPU
		{434179BF-8D53-4469-AC70-361406161727}.Release|Any CPU.ActiveCfg = Release|Any CPU
		{434179BF-8D53-4469-AC70-361406161727}.Release|Any CPU.Build.0 = Release|Any CPU
		{BDCF1261-08FC-40BC-9CFE-6EDF1175D01D}.Debug|Any CPU.ActiveCfg = Debug|Any CPU
		{BDCF1261-08FC-40BC-9CFE-6EDF1175D01D}.Debug|Any CPU.Build.0 = Debug|Any CPU
		{BDCF1261-08FC-40BC-9CFE-6EDF1175D01D}.Release|Any CPU.ActiveCfg = Release|Any CPU
		{BDCF1261-08FC-40BC-9CFE-6EDF1175D01D}.Release|Any CPU.Build.0 = Release|Any CPU
	EndGlobalSection
	GlobalSection(SolutionProperties) = preSolution
		HideSolutionNode = FALSE
	EndGlobalSection
	GlobalSection(ExtensibilityGlobals) = postSolution
		SolutionGuid = {4CE3EFE9-51AD-413B-9464-D5E4E8016A5E}
	EndGlobalSection
EndGlobal
